// !$*UTF8*$!
{
	archiveVersion = 1;
	classes = {
	};
	objectVersion = 56;
	objects = {

/* Begin PBXBuildFile section */
		062129F1297B2D1200B1EC55 /* News.swift in Sources */ = {isa = PBXBuildFile; fileRef = 062129F0297B2D1200B1EC55 /* News.swift */; };
		062129F3297B2DC400B1EC55 /* NewsRowView.swift in Sources */ = {isa = PBXBuildFile; fileRef = 062129F2297B2DC400B1EC55 /* NewsRowView.swift */; };
		062129F6297B2F5100B1EC55 /* NewsViewData.swift in Sources */ = {isa = PBXBuildFile; fileRef = 062129F5297B2F5100B1EC55 /* NewsViewData.swift */; };
		062129F8297B2FBB00B1EC55 /* NewsViewDataFactory.swift in Sources */ = {isa = PBXBuildFile; fileRef = 062129F7297B2FBB00B1EC55 /* NewsViewDataFactory.swift */; };
		062129FA297B35CA00B1EC55 /* NewsFeedViewModel.swift in Sources */ = {isa = PBXBuildFile; fileRef = 062129F9297B35CA00B1EC55 /* NewsFeedViewModel.swift */; };
		067BFF6E2984567A00FC2A8C /* NewsFeedSceneFactory.swift in Sources */ = {isa = PBXBuildFile; fileRef = 067BFF6D2984567A00FC2A8C /* NewsFeedSceneFactory.swift */; };
		067BFF732984590800FC2A8C /* NewsResponse.swift in Sources */ = {isa = PBXBuildFile; fileRef = 067BFF722984590800FC2A8C /* NewsResponse.swift */; };
		067BFF75298460E100FC2A8C /* NewsMapper.swift in Sources */ = {isa = PBXBuildFile; fileRef = 067BFF74298460E100FC2A8C /* NewsMapper.swift */; };
		068BF8E4298434AF00DADB90 /* NetworkConfiguration.swift in Sources */ = {isa = PBXBuildFile; fileRef = 068BF8E3298434AF00DADB90 /* NetworkConfiguration.swift */; };
		068BF8E82984375C00DADB90 /* NetworkAPI.swift in Sources */ = {isa = PBXBuildFile; fileRef = 068BF8E72984375C00DADB90 /* NetworkAPI.swift */; };
		06F40393297B1B450061F6F8 /* NewsApp.swift in Sources */ = {isa = PBXBuildFile; fileRef = 06F40392297B1B450061F6F8 /* NewsApp.swift */; };
		06F40395297B1B450061F6F8 /* NewsFeedView.swift in Sources */ = {isa = PBXBuildFile; fileRef = 06F40394297B1B450061F6F8 /* NewsFeedView.swift */; };
		06F40397297B1B500061F6F8 /* Assets.xcassets in Resources */ = {isa = PBXBuildFile; fileRef = 06F40396297B1B500061F6F8 /* Assets.xcassets */; };
		06F4039A297B1B500061F6F8 /* Preview Assets.xcassets in Resources */ = {isa = PBXBuildFile; fileRef = 06F40399297B1B500061F6F8 /* Preview Assets.xcassets */; };
		06F403A4297B1B520061F6F8 /* NewsTests.swift in Sources */ = {isa = PBXBuildFile; fileRef = 06F403A3297B1B520061F6F8 /* NewsTests.swift */; };
		06F403AE297B1B520061F6F8 /* NewsUITests.swift in Sources */ = {isa = PBXBuildFile; fileRef = 06F403AD297B1B520061F6F8 /* NewsUITests.swift */; };
		06F403B0297B1B520061F6F8 /* NewsUITestsLaunchTests.swift in Sources */ = {isa = PBXBuildFile; fileRef = 06F403AF297B1B520061F6F8 /* NewsUITestsLaunchTests.swift */; };
/* End PBXBuildFile section */

/* Begin PBXContainerItemProxy section */
		06F403A0297B1B520061F6F8 /* PBXContainerItemProxy */ = {
			isa = PBXContainerItemProxy;
			containerPortal = 06F40387297B1B450061F6F8 /* Project object */;
			proxyType = 1;
			remoteGlobalIDString = 06F4038E297B1B450061F6F8;
			remoteInfo = News;
		};
		06F403AA297B1B520061F6F8 /* PBXContainerItemProxy */ = {
			isa = PBXContainerItemProxy;
			containerPortal = 06F40387297B1B450061F6F8 /* Project object */;
			proxyType = 1;
			remoteGlobalIDString = 06F4038E297B1B450061F6F8;
			remoteInfo = News;
		};
/* End PBXContainerItemProxy section */

/* Begin PBXFileReference section */
		062129F0297B2D1200B1EC55 /* News.swift */ = {isa = PBXFileReference; lastKnownFileType = sourcecode.swift; path = News.swift; sourceTree = "<group>"; };
		062129F2297B2DC400B1EC55 /* NewsRowView.swift */ = {isa = PBXFileReference; lastKnownFileType = sourcecode.swift; path = NewsRowView.swift; sourceTree = "<group>"; };
		062129F5297B2F5100B1EC55 /* NewsViewData.swift */ = {isa = PBXFileReference; lastKnownFileType = sourcecode.swift; path = NewsViewData.swift; sourceTree = "<group>"; };
		062129F7297B2FBB00B1EC55 /* NewsViewDataFactory.swift */ = {isa = PBXFileReference; lastKnownFileType = sourcecode.swift; path = NewsViewDataFactory.swift; sourceTree = "<group>"; };
		062129F9297B35CA00B1EC55 /* NewsFeedViewModel.swift */ = {isa = PBXFileReference; lastKnownFileType = sourcecode.swift; path = NewsFeedViewModel.swift; sourceTree = "<group>"; };
		067BFF6D2984567A00FC2A8C /* NewsFeedSceneFactory.swift */ = {isa = PBXFileReference; lastKnownFileType = sourcecode.swift; path = NewsFeedSceneFactory.swift; sourceTree = "<group>"; };
		067BFF722984590800FC2A8C /* NewsResponse.swift */ = {isa = PBXFileReference; lastKnownFileType = sourcecode.swift; path = NewsResponse.swift; sourceTree = "<group>"; };
		067BFF74298460E100FC2A8C /* NewsMapper.swift */ = {isa = PBXFileReference; lastKnownFileType = sourcecode.swift; path = NewsMapper.swift; sourceTree = "<group>"; };
		068BF8E3298434AF00DADB90 /* NetworkConfiguration.swift */ = {isa = PBXFileReference; lastKnownFileType = sourcecode.swift; path = NetworkConfiguration.swift; sourceTree = "<group>"; };
		068BF8E72984375C00DADB90 /* NetworkAPI.swift */ = {isa = PBXFileReference; lastKnownFileType = sourcecode.swift; path = NetworkAPI.swift; sourceTree = "<group>"; };
		06F4038F297B1B450061F6F8 /* News.app */ = {isa = PBXFileReference; explicitFileType = wrapper.application; includeInIndex = 0; path = News.app; sourceTree = BUILT_PRODUCTS_DIR; };
		06F40392297B1B450061F6F8 /* NewsApp.swift */ = {isa = PBXFileReference; lastKnownFileType = sourcecode.swift; path = NewsApp.swift; sourceTree = "<group>"; };
		06F40394297B1B450061F6F8 /* NewsFeedView.swift */ = {isa = PBXFileReference; lastKnownFileType = sourcecode.swift; path = NewsFeedView.swift; sourceTree = "<group>"; };
		06F40396297B1B500061F6F8 /* Assets.xcassets */ = {isa = PBXFileReference; lastKnownFileType = folder.assetcatalog; path = Assets.xcassets; sourceTree = "<group>"; };
		06F40399297B1B500061F6F8 /* Preview Assets.xcassets */ = {isa = PBXFileReference; lastKnownFileType = folder.assetcatalog; path = "Preview Assets.xcassets"; sourceTree = "<group>"; };
		06F4039F297B1B520061F6F8 /* NewsTests.xctest */ = {isa = PBXFileReference; explicitFileType = wrapper.cfbundle; includeInIndex = 0; path = NewsTests.xctest; sourceTree = BUILT_PRODUCTS_DIR; };
		06F403A3297B1B520061F6F8 /* NewsTests.swift */ = {isa = PBXFileReference; lastKnownFileType = sourcecode.swift; path = NewsTests.swift; sourceTree = "<group>"; };
		06F403A9297B1B520061F6F8 /* NewsUITests.xctest */ = {isa = PBXFileReference; explicitFileType = wrapper.cfbundle; includeInIndex = 0; path = NewsUITests.xctest; sourceTree = BUILT_PRODUCTS_DIR; };
		06F403AD297B1B520061F6F8 /* NewsUITests.swift */ = {isa = PBXFileReference; lastKnownFileType = sourcecode.swift; path = NewsUITests.swift; sourceTree = "<group>"; };
		06F403AF297B1B520061F6F8 /* NewsUITestsLaunchTests.swift */ = {isa = PBXFileReference; lastKnownFileType = sourcecode.swift; path = NewsUITestsLaunchTests.swift; sourceTree = "<group>"; };
/* End PBXFileReference section */

/* Begin PBXFrameworksBuildPhase section */
		06F4038C297B1B450061F6F8 /* Frameworks */ = {
			isa = PBXFrameworksBuildPhase;
			buildActionMask = 2147483647;
			files = (
			);
			runOnlyForDeploymentPostprocessing = 0;
		};
		06F4039C297B1B520061F6F8 /* Frameworks */ = {
			isa = PBXFrameworksBuildPhase;
			buildActionMask = 2147483647;
			files = (
			);
			runOnlyForDeploymentPostprocessing = 0;
		};
		06F403A6297B1B520061F6F8 /* Frameworks */ = {
			isa = PBXFrameworksBuildPhase;
			buildActionMask = 2147483647;
			files = (
			);
			runOnlyForDeploymentPostprocessing = 0;
		};
/* End PBXFrameworksBuildPhase section */

/* Begin PBXGroup section */
		062129EB297B2C1C00B1EC55 /* Scenes */ = {
			isa = PBXGroup;
			children = (
				062129EC297B2C8F00B1EC55 /* NewsFeed */,
			);
			path = Scenes;
			sourceTree = "<group>";
		};
		062129EC297B2C8F00B1EC55 /* NewsFeed */ = {
			isa = PBXGroup;
			children = (
				067BFF6C2984566300FC2A8C /* Factories */,
				062129EE297B2CAB00B1EC55 /* ViewModel */,
				062129ED297B2CA300B1EC55 /* View */,
			);
			path = NewsFeed;
			sourceTree = "<group>";
		};
		062129ED297B2CA300B1EC55 /* View */ = {
			isa = PBXGroup;
			children = (
				062129F4297B2F3A00B1EC55 /* ViewData */,
				062129F2297B2DC400B1EC55 /* NewsRowView.swift */,
				06F40394297B1B450061F6F8 /* NewsFeedView.swift */,
			);
			path = View;
			sourceTree = "<group>";
		};
		062129EE297B2CAB00B1EC55 /* ViewModel */ = {
			isa = PBXGroup;
			children = (
				062129F9297B35CA00B1EC55 /* NewsFeedViewModel.swift */,
			);
			path = ViewModel;
			sourceTree = "<group>";
		};
		062129F4297B2F3A00B1EC55 /* ViewData */ = {
			isa = PBXGroup;
			children = (
				062129F5297B2F5100B1EC55 /* NewsViewData.swift */,
				062129F7297B2FBB00B1EC55 /* NewsViewDataFactory.swift */,
			);
			path = ViewData;
			sourceTree = "<group>";
		};
		067BFF6C2984566300FC2A8C /* Factories */ = {
			isa = PBXGroup;
			children = (
				067BFF6D2984567A00FC2A8C /* NewsFeedSceneFactory.swift */,
			);
			path = Factories;
			sourceTree = "<group>";
		};
		067BFF6F298458C100FC2A8C /* Models */ = {
			isa = PBXGroup;
			children = (
				067BFF76298460E500FC2A8C /* Mappers */,
				067BFF71298458D500FC2A8C /* Networking */,
				067BFF70298458CE00FC2A8C /* Domain */,
			);
			path = Models;
			sourceTree = "<group>";
		};
		067BFF70298458CE00FC2A8C /* Domain */ = {
			isa = PBXGroup;
			children = (
				062129F0297B2D1200B1EC55 /* News.swift */,
			);
			path = Domain;
			sourceTree = "<group>";
		};
		067BFF71298458D500FC2A8C /* Networking */ = {
			isa = PBXGroup;
			children = (
				067BFF722984590800FC2A8C /* NewsResponse.swift */,
			);
			path = Networking;
			sourceTree = "<group>";
		};
		067BFF76298460E500FC2A8C /* Mappers */ = {
			isa = PBXGroup;
			children = (
				067BFF74298460E100FC2A8C /* NewsMapper.swift */,
			);
			path = Mappers;
			sourceTree = "<group>";
		};
		068BF8E52984371300DADB90 /* Core */ = {
			isa = PBXGroup;
			children = (
				068BF8E62984374500DADB90 /* Networking */,
			);
			path = Core;
			sourceTree = "<group>";
		};
		068BF8E62984374500DADB90 /* Networking */ = {
			isa = PBXGroup;
			children = (
				068BF8E72984375C00DADB90 /* NetworkAPI.swift */,
				068BF8E3298434AF00DADB90 /* NetworkConfiguration.swift */,
			);
			path = Networking;
			sourceTree = "<group>";
		};
		06F40386297B1B450061F6F8 = {
			isa = PBXGroup;
			children = (
				06F40391297B1B450061F6F8 /* News */,
				06F403A2297B1B520061F6F8 /* NewsTests */,
				06F403AC297B1B520061F6F8 /* NewsUITests */,
				06F40390297B1B450061F6F8 /* Products */,
			);
			sourceTree = "<group>";
		};
		06F40390297B1B450061F6F8 /* Products */ = {
			isa = PBXGroup;
			children = (
				06F4038F297B1B450061F6F8 /* News.app */,
				06F4039F297B1B520061F6F8 /* NewsTests.xctest */,
				06F403A9297B1B520061F6F8 /* NewsUITests.xctest */,
			);
			name = Products;
			sourceTree = "<group>";
		};
		06F40391297B1B450061F6F8 /* News */ = {
			isa = PBXGroup;
			children = (
				067BFF6F298458C100FC2A8C /* Models */,
				068BF8E52984371300DADB90 /* Core */,
				062129EB297B2C1C00B1EC55 /* Scenes */,
				06F40392297B1B450061F6F8 /* NewsApp.swift */,
				06F40396297B1B500061F6F8 /* Assets.xcassets */,
				06F40398297B1B500061F6F8 /* Preview Content */,
			);
			path = News;
			sourceTree = "<group>";
		};
		06F40398297B1B500061F6F8 /* Preview Content */ = {
			isa = PBXGroup;
			children = (
				06F40399297B1B500061F6F8 /* Preview Assets.xcassets */,
			);
			path = "Preview Content";
			sourceTree = "<group>";
		};
		06F403A2297B1B520061F6F8 /* NewsTests */ = {
			isa = PBXGroup;
			children = (
				06F403A3297B1B520061F6F8 /* NewsTests.swift */,
			);
			path = NewsTests;
			sourceTree = "<group>";
		};
		06F403AC297B1B520061F6F8 /* NewsUITests */ = {
			isa = PBXGroup;
			children = (
				06F403AD297B1B520061F6F8 /* NewsUITests.swift */,
				06F403AF297B1B520061F6F8 /* NewsUITestsLaunchTests.swift */,
			);
			path = NewsUITests;
			sourceTree = "<group>";
		};
/* End PBXGroup section */

/* Begin PBXNativeTarget section */
		06F4038E297B1B450061F6F8 /* News */ = {
			isa = PBXNativeTarget;
			buildConfigurationList = 06F403B3297B1B520061F6F8 /* Build configuration list for PBXNativeTarget "News" */;
			buildPhases = (
				06F4038B297B1B450061F6F8 /* Sources */,
				06F4038C297B1B450061F6F8 /* Frameworks */,
				06F4038D297B1B450061F6F8 /* Resources */,
			);
			buildRules = (
			);
			dependencies = (
			);
			name = News;
			productName = News;
			productReference = 06F4038F297B1B450061F6F8 /* News.app */;
			productType = "com.apple.product-type.application";
		};
		06F4039E297B1B520061F6F8 /* NewsTests */ = {
			isa = PBXNativeTarget;
			buildConfigurationList = 06F403B6297B1B520061F6F8 /* Build configuration list for PBXNativeTarget "NewsTests" */;
			buildPhases = (
				06F4039B297B1B520061F6F8 /* Sources */,
				06F4039C297B1B520061F6F8 /* Frameworks */,
				06F4039D297B1B520061F6F8 /* Resources */,
			);
			buildRules = (
			);
			dependencies = (
				06F403A1297B1B520061F6F8 /* PBXTargetDependency */,
			);
			name = NewsTests;
			productName = NewsTests;
			productReference = 06F4039F297B1B520061F6F8 /* NewsTests.xctest */;
			productType = "com.apple.product-type.bundle.unit-test";
		};
		06F403A8297B1B520061F6F8 /* NewsUITests */ = {
			isa = PBXNativeTarget;
			buildConfigurationList = 06F403B9297B1B520061F6F8 /* Build configuration list for PBXNativeTarget "NewsUITests" */;
			buildPhases = (
				06F403A5297B1B520061F6F8 /* Sources */,
				06F403A6297B1B520061F6F8 /* Frameworks */,
				06F403A7297B1B520061F6F8 /* Resources */,
			);
			buildRules = (
			);
			dependencies = (
				06F403AB297B1B520061F6F8 /* PBXTargetDependency */,
			);
			name = NewsUITests;
			productName = NewsUITests;
			productReference = 06F403A9297B1B520061F6F8 /* NewsUITests.xctest */;
			productType = "com.apple.product-type.bundle.ui-testing";
		};
/* End PBXNativeTarget section */

/* Begin PBXProject section */
		06F40387297B1B450061F6F8 /* Project object */ = {
			isa = PBXProject;
			attributes = {
				BuildIndependentTargetsInParallel = 1;
				LastSwiftUpdateCheck = 1400;
				LastUpgradeCheck = 1400;
				TargetAttributes = {
					06F4038E297B1B450061F6F8 = {
						CreatedOnToolsVersion = 14.0;
					};
					06F4039E297B1B520061F6F8 = {
						CreatedOnToolsVersion = 14.0;
						TestTargetID = 06F4038E297B1B450061F6F8;
					};
					06F403A8297B1B520061F6F8 = {
						CreatedOnToolsVersion = 14.0;
						TestTargetID = 06F4038E297B1B450061F6F8;
					};
				};
			};
			buildConfigurationList = 06F4038A297B1B450061F6F8 /* Build configuration list for PBXProject "News" */;
			compatibilityVersion = "Xcode 14.0";
			developmentRegion = en;
			hasScannedForEncodings = 0;
			knownRegions = (
				en,
				Base,
			);
			mainGroup = 06F40386297B1B450061F6F8;
			productRefGroup = 06F40390297B1B450061F6F8 /* Products */;
			projectDirPath = "";
			projectRoot = "";
			targets = (
				06F4038E297B1B450061F6F8 /* News */,
				06F4039E297B1B520061F6F8 /* NewsTests */,
				06F403A8297B1B520061F6F8 /* NewsUITests */,
			);
		};
/* End PBXProject section */

/* Begin PBXResourcesBuildPhase section */
		06F4038D297B1B450061F6F8 /* Resources */ = {
			isa = PBXResourcesBuildPhase;
			buildActionMask = 2147483647;
			files = (
				06F4039A297B1B500061F6F8 /* Preview Assets.xcassets in Resources */,
				06F40397297B1B500061F6F8 /* Assets.xcassets in Resources */,
			);
			runOnlyForDeploymentPostprocessing = 0;
		};
		06F4039D297B1B520061F6F8 /* Resources */ = {
			isa = PBXResourcesBuildPhase;
			buildActionMask = 2147483647;
			files = (
			);
			runOnlyForDeploymentPostprocessing = 0;
		};
		06F403A7297B1B520061F6F8 /* Resources */ = {
			isa = PBXResourcesBuildPhase;
			buildActionMask = 2147483647;
			files = (
			);
			runOnlyForDeploymentPostprocessing = 0;
		};
/* End PBXResourcesBuildPhase section */

/* Begin PBXSourcesBuildPhase section */
		06F4038B297B1B450061F6F8 /* Sources */ = {
			isa = PBXSourcesBuildPhase;
			buildActionMask = 2147483647;
			files = (
				062129F3297B2DC400B1EC55 /* NewsRowView.swift in Sources */,
				068BF8E82984375C00DADB90 /* NetworkAPI.swift in Sources */,
				062129F1297B2D1200B1EC55 /* News.swift in Sources */,
				062129F8297B2FBB00B1EC55 /* NewsViewDataFactory.swift in Sources */,
				062129FA297B35CA00B1EC55 /* NewsFeedViewModel.swift in Sources */,
				06F40395297B1B450061F6F8 /* NewsFeedView.swift in Sources */,
				067BFF6E2984567A00FC2A8C /* NewsFeedSceneFactory.swift in Sources */,
				06F40393297B1B450061F6F8 /* NewsApp.swift in Sources */,
				067BFF732984590800FC2A8C /* NewsResponse.swift in Sources */,
				067BFF75298460E100FC2A8C /* NewsMapper.swift in Sources */,
				068BF8E4298434AF00DADB90 /* NetworkConfiguration.swift in Sources */,
				062129F6297B2F5100B1EC55 /* NewsViewData.swift in Sources */,
			);
			runOnlyForDeploymentPostprocessing = 0;
		};
		06F4039B297B1B520061F6F8 /* Sources */ = {
			isa = PBXSourcesBuildPhase;
			buildActionMask = 2147483647;
			files = (
				06F403A4297B1B520061F6F8 /* NewsTests.swift in Sources */,
			);
			runOnlyForDeploymentPostprocessing = 0;
		};
		06F403A5297B1B520061F6F8 /* Sources */ = {
			isa = PBXSourcesBuildPhase;
			buildActionMask = 2147483647;
			files = (
				06F403AE297B1B520061F6F8 /* NewsUITests.swift in Sources */,
				06F403B0297B1B520061F6F8 /* NewsUITestsLaunchTests.swift in Sources */,
			);
			runOnlyForDeploymentPostprocessing = 0;
		};
/* End PBXSourcesBuildPhase section */

/* Begin PBXTargetDependency section */
		06F403A1297B1B520061F6F8 /* PBXTargetDependency */ = {
			isa = PBXTargetDependency;
			target = 06F4038E297B1B450061F6F8 /* News */;
			targetProxy = 06F403A0297B1B520061F6F8 /* PBXContainerItemProxy */;
		};
		06F403AB297B1B520061F6F8 /* PBXTargetDependency */ = {
			isa = PBXTargetDependency;
			target = 06F4038E297B1B450061F6F8 /* News */;
			targetProxy = 06F403AA297B1B520061F6F8 /* PBXContainerItemProxy */;
		};
/* End PBXTargetDependency section */

/* Begin XCBuildConfiguration section */
		06F403B1297B1B520061F6F8 /* Debug */ = {
			isa = XCBuildConfiguration;
			buildSettings = {
				ALWAYS_SEARCH_USER_PATHS = NO;
				CLANG_ANALYZER_NONNULL = YES;
				CLANG_ANALYZER_NUMBER_OBJECT_CONVERSION = YES_AGGRESSIVE;
				CLANG_CXX_LANGUAGE_STANDARD = "gnu++20";
				CLANG_ENABLE_MODULES = YES;
				CLANG_ENABLE_OBJC_ARC = YES;
				CLANG_ENABLE_OBJC_WEAK = YES;
				CLANG_WARN_BLOCK_CAPTURE_AUTORELEASING = YES;
				CLANG_WARN_BOOL_CONVERSION = YES;
				CLANG_WARN_COMMA = YES;
				CLANG_WARN_CONSTANT_CONVERSION = YES;
				CLANG_WARN_DEPRECATED_OBJC_IMPLEMENTATIONS = YES;
				CLANG_WARN_DIRECT_OBJC_ISA_USAGE = YES_ERROR;
				CLANG_WARN_DOCUMENTATION_COMMENTS = YES;
				CLANG_WARN_EMPTY_BODY = YES;
				CLANG_WARN_ENUM_CONVERSION = YES;
				CLANG_WARN_INFINITE_RECURSION = YES;
				CLANG_WARN_INT_CONVERSION = YES;
				CLANG_WARN_NON_LITERAL_NULL_CONVERSION = YES;
				CLANG_WARN_OBJC_IMPLICIT_RETAIN_SELF = YES;
				CLANG_WARN_OBJC_LITERAL_CONVERSION = YES;
				CLANG_WARN_OBJC_ROOT_CLASS = YES_ERROR;
				CLANG_WARN_QUOTED_INCLUDE_IN_FRAMEWORK_HEADER = YES;
				CLANG_WARN_RANGE_LOOP_ANALYSIS = YES;
				CLANG_WARN_STRICT_PROTOTYPES = YES;
				CLANG_WARN_SUSPICIOUS_MOVE = YES;
				CLANG_WARN_UNGUARDED_AVAILABILITY = YES_AGGRESSIVE;
				CLANG_WARN_UNREACHABLE_CODE = YES;
				CLANG_WARN__DUPLICATE_METHOD_MATCH = YES;
				COPY_PHASE_STRIP = NO;
				DEBUG_INFORMATION_FORMAT = dwarf;
				ENABLE_STRICT_OBJC_MSGSEND = YES;
				ENABLE_TESTABILITY = YES;
				GCC_C_LANGUAGE_STANDARD = gnu11;
				GCC_DYNAMIC_NO_PIC = NO;
				GCC_NO_COMMON_BLOCKS = YES;
				GCC_OPTIMIZATION_LEVEL = 0;
				GCC_PREPROCESSOR_DEFINITIONS = (
					"DEBUG=1",
					"$(inherited)",
				);
				GCC_WARN_64_TO_32_BIT_CONVERSION = YES;
				GCC_WARN_ABOUT_RETURN_TYPE = YES_ERROR;
				GCC_WARN_UNDECLARED_SELECTOR = YES;
				GCC_WARN_UNINITIALIZED_AUTOS = YES_AGGRESSIVE;
				GCC_WARN_UNUSED_FUNCTION = YES;
				GCC_WARN_UNUSED_VARIABLE = YES;
				IPHONEOS_DEPLOYMENT_TARGET = 16.0;
				MTL_ENABLE_DEBUG_INFO = INCLUDE_SOURCE;
				MTL_FAST_MATH = YES;
				ONLY_ACTIVE_ARCH = YES;
				SDKROOT = iphoneos;
				SWIFT_ACTIVE_COMPILATION_CONDITIONS = DEBUG;
				SWIFT_OPTIMIZATION_LEVEL = "-Onone";
			};
			name = Debug;
		};
		06F403B2297B1B520061F6F8 /* Release */ = {
			isa = XCBuildConfiguration;
			buildSettings = {
				ALWAYS_SEARCH_USER_PATHS = NO;
				CLANG_ANALYZER_NONNULL = YES;
				CLANG_ANALYZER_NUMBER_OBJECT_CONVERSION = YES_AGGRESSIVE;
				CLANG_CXX_LANGUAGE_STANDARD = "gnu++20";
				CLANG_ENABLE_MODULES = YES;
				CLANG_ENABLE_OBJC_ARC = YES;
				CLANG_ENABLE_OBJC_WEAK = YES;
				CLANG_WARN_BLOCK_CAPTURE_AUTORELEASING = YES;
				CLANG_WARN_BOOL_CONVERSION = YES;
				CLANG_WARN_COMMA = YES;
				CLANG_WARN_CONSTANT_CONVERSION = YES;
				CLANG_WARN_DEPRECATED_OBJC_IMPLEMENTATIONS = YES;
				CLANG_WARN_DIRECT_OBJC_ISA_USAGE = YES_ERROR;
				CLANG_WARN_DOCUMENTATION_COMMENTS = YES;
				CLANG_WARN_EMPTY_BODY = YES;
				CLANG_WARN_ENUM_CONVERSION = YES;
				CLANG_WARN_INFINITE_RECURSION = YES;
				CLANG_WARN_INT_CONVERSION = YES;
				CLANG_WARN_NON_LITERAL_NULL_CONVERSION = YES;
				CLANG_WARN_OBJC_IMPLICIT_RETAIN_SELF = YES;
				CLANG_WARN_OBJC_LITERAL_CONVERSION = YES;
				CLANG_WARN_OBJC_ROOT_CLASS = YES_ERROR;
				CLANG_WARN_QUOTED_INCLUDE_IN_FRAMEWORK_HEADER = YES;
				CLANG_WARN_RANGE_LOOP_ANALYSIS = YES;
				CLANG_WARN_STRICT_PROTOTYPES = YES;
				CLANG_WARN_SUSPICIOUS_MOVE = YES;
				CLANG_WARN_UNGUARDED_AVAILABILITY = YES_AGGRESSIVE;
				CLANG_WARN_UNREACHABLE_CODE = YES;
				CLANG_WARN__DUPLICATE_METHOD_MATCH = YES;
				COPY_PHASE_STRIP = NO;
				DEBUG_INFORMATION_FORMAT = "dwarf-with-dsym";
				ENABLE_NS_ASSERTIONS = NO;
				ENABLE_STRICT_OBJC_MSGSEND = YES;
				GCC_C_LANGUAGE_STANDARD = gnu11;
				GCC_NO_COMMON_BLOCKS = YES;
				GCC_WARN_64_TO_32_BIT_CONVERSION = YES;
				GCC_WARN_ABOUT_RETURN_TYPE = YES_ERROR;
				GCC_WARN_UNDECLARED_SELECTOR = YES;
				GCC_WARN_UNINITIALIZED_AUTOS = YES_AGGRESSIVE;
				GCC_WARN_UNUSED_FUNCTION = YES;
				GCC_WARN_UNUSED_VARIABLE = YES;
				IPHONEOS_DEPLOYMENT_TARGET = 16.0;
				MTL_ENABLE_DEBUG_INFO = NO;
				MTL_FAST_MATH = YES;
				SDKROOT = iphoneos;
				SWIFT_COMPILATION_MODE = wholemodule;
				SWIFT_OPTIMIZATION_LEVEL = "-O";
				VALIDATE_PRODUCT = YES;
			};
			name = Release;
		};
		06F403B4297B1B520061F6F8 /* Debug */ = {
			isa = XCBuildConfiguration;
			buildSettings = {
				ASSETCATALOG_COMPILER_APPICON_NAME = AppIcon;
				ASSETCATALOG_COMPILER_GLOBAL_ACCENT_COLOR_NAME = AccentColor;
				CODE_SIGN_STYLE = Automatic;
				CURRENT_PROJECT_VERSION = 1;
				DEVELOPMENT_ASSET_PATHS = "\"News/Preview Content\"";
				DEVELOPMENT_TEAM = 2SW3CB73MP;
				ENABLE_PREVIEWS = YES;
				GENERATE_INFOPLIST_FILE = YES;
				INFOPLIST_KEY_UIApplicationSceneManifest_Generation = YES;
				INFOPLIST_KEY_UIApplicationSupportsIndirectInputEvents = YES;
				INFOPLIST_KEY_UILaunchScreen_Generation = YES;
				INFOPLIST_KEY_UISupportedInterfaceOrientations_iPad = "UIInterfaceOrientationPortrait UIInterfaceOrientationPortraitUpsideDown UIInterfaceOrientationLandscapeLeft UIInterfaceOrientationLandscapeRight";
				INFOPLIST_KEY_UISupportedInterfaceOrientations_iPhone = "UIInterfaceOrientationPortrait UIInterfaceOrientationLandscapeLeft UIInterfaceOrientationLandscapeRight";
				LD_RUNPATH_SEARCH_PATHS = (
					"$(inherited)",
					"@executable_path/Frameworks",
				);
				MARKETING_VERSION = 1.0;
				PRODUCT_BUNDLE_IDENTIFIER = AJ.News;
				PRODUCT_NAME = "$(TARGET_NAME)";
				SWIFT_EMIT_LOC_STRINGS = YES;
				SWIFT_VERSION = 5.0;
				TARGETED_DEVICE_FAMILY = "1,2";
			};
			name = Debug;
		};
		06F403B5297B1B520061F6F8 /* Release */ = {
			isa = XCBuildConfiguration;
			buildSettings = {
				ASSETCATALOG_COMPILER_APPICON_NAME = AppIcon;
				ASSETCATALOG_COMPILER_GLOBAL_ACCENT_COLOR_NAME = AccentColor;
				CODE_SIGN_STYLE = Automatic;
				CURRENT_PROJECT_VERSION = 1;
				DEVELOPMENT_ASSET_PATHS = "\"News/Preview Content\"";
				DEVELOPMENT_TEAM = 2SW3CB73MP;
				ENABLE_PREVIEWS = YES;
				GENERATE_INFOPLIST_FILE = YES;
				INFOPLIST_KEY_UIApplicationSceneManifest_Generation = YES;
				INFOPLIST_KEY_UIApplicationSupportsIndirectInputEvents = YES;
				INFOPLIST_KEY_UILaunchScreen_Generation = YES;
				INFOPLIST_KEY_UISupportedInterfaceOrientations_iPad = "UIInterfaceOrientationPortrait UIInterfaceOrientationPortraitUpsideDown UIInterfaceOrientationLandscapeLeft UIInterfaceOrientationLandscapeRight";
				INFOPLIST_KEY_UISupportedInterfaceOrientations_iPhone = "UIInterfaceOrientationPortrait UIInterfaceOrientationLandscapeLeft UIInterfaceOrientationLandscapeRight";
				LD_RUNPATH_SEARCH_PATHS = (
					"$(inherited)",
					"@executable_path/Frameworks",
				);
				MARKETING_VERSION = 1.0;
				PRODUCT_BUNDLE_IDENTIFIER = AJ.News;
				PRODUCT_NAME = "$(TARGET_NAME)";
				SWIFT_EMIT_LOC_STRINGS = YES;
				SWIFT_VERSION = 5.0;
				TARGETED_DEVICE_FAMILY = "1,2";
			};
			name = Release;
		};
		06F403B7297B1B520061F6F8 /* Debug */ = {
			isa = XCBuildConfiguration;
			buildSettings = {
				ALWAYS_EMBED_SWIFT_STANDARD_LIBRARIES = YES;
				BUNDLE_LOADER = "$(TEST_HOST)";
				CODE_SIGN_STYLE = Automatic;
				CURRENT_PROJECT_VERSION = 1;
				DEVELOPMENT_TEAM = 2SW3CB73MP;
				GENERATE_INFOPLIST_FILE = YES;
				IPHONEOS_DEPLOYMENT_TARGET = 16.0;
				MARKETING_VERSION = 1.0;
				PRODUCT_BUNDLE_IDENTIFIER = AJ.NewsTests;
				PRODUCT_NAME = "$(TARGET_NAME)";
				SWIFT_EMIT_LOC_STRINGS = NO;
				SWIFT_VERSION = 5.0;
				TARGETED_DEVICE_FAMILY = "1,2";
				TEST_HOST = "$(BUILT_PRODUCTS_DIR)/News.app/$(BUNDLE_EXECUTABLE_FOLDER_PATH)/News";
			};
			name = Debug;
		};
		06F403B8297B1B520061F6F8 /* Release */ = {
			isa = XCBuildConfiguration;
			buildSettings = {
				ALWAYS_EMBED_SWIFT_STANDARD_LIBRARIES = YES;
				BUNDLE_LOADER = "$(TEST_HOST)";
				CODE_SIGN_STYLE = Automatic;
				CURRENT_PROJECT_VERSION = 1;
				DEVELOPMENT_TEAM = 2SW3CB73MP;
				GENERATE_INFOPLIST_FILE = YES;
				IPHONEOS_DEPLOYMENT_TARGET = 16.0;
				MARKETING_VERSION = 1.0;
				PRODUCT_BUNDLE_IDENTIFIER = AJ.NewsTests;
				PRODUCT_NAME = "$(TARGET_NAME)";
				SWIFT_EMIT_LOC_STRINGS = NO;
				SWIFT_VERSION = 5.0;
				TARGETED_DEVICE_FAMILY = "1,2";
				TEST_HOST = "$(BUILT_PRODUCTS_DIR)/News.app/$(BUNDLE_EXECUTABLE_FOLDER_PATH)/News";
			};
			name = Release;
		};
		06F403BA297B1B520061F6F8 /* Debug */ = {
			isa = XCBuildConfiguration;
			buildSettings = {
				ALWAYS_EMBED_SWIFT_STANDARD_LIBRARIES = YES;
				CODE_SIGN_STYLE = Automatic;
				CURRENT_PROJECT_VERSION = 1;
				DEVELOPMENT_TEAM = 2SW3CB73MP;
				GENERATE_INFOPLIST_FILE = YES;
				MARKETING_VERSION = 1.0;
				PRODUCT_BUNDLE_IDENTIFIER = AJ.NewsUITests;
				PRODUCT_NAME = "$(TARGET_NAME)";
				SWIFT_EMIT_LOC_STRINGS = NO;
				SWIFT_VERSION = 5.0;
				TARGETED_DEVICE_FAMILY = "1,2";
				TEST_TARGET_NAME = News;
			};
			name = Debug;
		};
		06F403BB297B1B520061F6F8 /* Release */ = {
			isa = XCBuildConfiguration;
			buildSettings = {
				ALWAYS_EMBED_SWIFT_STANDARD_LIBRARIES = YES;
				CODE_SIGN_STYLE = Automatic;
				CURRENT_PROJECT_VERSION = 1;
				DEVELOPMENT_TEAM = 2SW3CB73MP;
				GENERATE_INFOPLIST_FILE = YES;
				MARKETING_VERSION = 1.0;
				PRODUCT_BUNDLE_IDENTIFIER = AJ.NewsUITests;
				PRODUCT_NAME = "$(TARGET_NAME)";
				SWIFT_EMIT_LOC_STRINGS = NO;
				SWIFT_VERSION = 5.0;
				TARGETED_DEVICE_FAMILY = "1,2";
				TEST_TARGET_NAME = News;
			};
			name = Release;
		};
/* End XCBuildConfiguration section */

/* Begin XCConfigurationList section */
		06F4038A297B1B450061F6F8 /* Build configuration list for PBXProject "News" */ = {
			isa = XCConfigurationList;
			buildConfigurations = (
				06F403B1297B1B520061F6F8 /* Debug */,
				06F403B2297B1B520061F6F8 /* Release */,
			);
			defaultConfigurationIsVisible = 0;
			defaultConfigurationName = Release;
		};
		06F403B3297B1B520061F6F8 /* Build configuration list for PBXNativeTarget "News" */ = {
			isa = XCConfigurationList;
			buildConfigurations = (
				06F403B4297B1B520061F6F8 /* Debug */,
				06F403B5297B1B520061F6F8 /* Release */,
			);
			defaultConfigurationIsVisible = 0;
			defaultConfigurationName = Release;
		};
		06F403B6297B1B520061F6F8 /* Build configuration list for PBXNativeTarget "NewsTests" */ = {
			isa = XCConfigurationList;
			buildConfigurations = (
				06F403B7297B1B520061F6F8 /* Debug */,
				06F403B8297B1B520061F6F8 /* Release */,
			);
			defaultConfigurationIsVisible = 0;
			defaultConfigurationName = Release;
		};
		06F403B9297B1B520061F6F8 /* Build configuration list for PBXNativeTarget "NewsUITests" */ = {
			isa = XCConfigurationList;
			buildConfigurations = (
				06F403BA297B1B520061F6F8 /* Debug */,
				06F403BB297B1B520061F6F8 /* Release */,
			);
			defaultConfigurationIsVisible = 0;
			defaultConfigurationName = Release;
		};
/* End XCConfigurationList section */
	};
	rootObject = 06F40387297B1B450061F6F8 /* Project object */;
}
